
Microsoft Visual Studio Solution File, Format Version 12.00
# Visual Studio Version 17
VisualStudioVersion = 17.0.32112.339
MinimumVisualStudioVersion = 10.0.40219.1
Project("{2150E333-8FDC-42A3-9474-1A3956D46DE8}") = "0 - Presentation", "0 - Presentation", "{4923D4A2-8B95-482F-A59C-D1719A85F78A}"
EndProject
Project("{2150E333-8FDC-42A3-9474-1A3956D46DE8}") = "1 - Application", "1 - Application", "{48F0A062-1B42-4B6F-877D-1923B723D7BF}"
EndProject
Project("{2150E333-8FDC-42A3-9474-1A3956D46DE8}") = "2 - Infra", "2 - Infra", "{86FC00F5-3C3E-4E57-8A75-8D11DC8201EA}"
EndProject
Project("{9A19103F-16F7-4668-BE54-9A1E7A4F7556}") = "EMusiSeleniumc.API", "EMusicSelenium.API\EMusiSeleniumc.API.csproj", "{B75EB561-848A-42A2-B7C9-F6E1E822A6C7}"
EndProject
Project("{9A19103F-16F7-4668-BE54-9A1E7A4F7556}") = "EMusicSelenium.Application", "EMusicSelenium.Application\EMusicSelenium.Application.csproj", "{03A641A5-4D80-49BD-B927-875A2A81B724}"
EndProject
Project("{9A19103F-16F7-4668-BE54-9A1E7A4F7556}") = "EMusicSelenium.Infra.Data", "EMusicSelenium.Infra.Data\EMusicSelenium.Infra.Data.csproj", "{A2A88936-6826-4B5D-B946-BF79B400B23F}"
EndProject
Project("{9A19103F-16F7-4668-BE54-9A1E7A4F7556}") = "EmusicSelenium.Infra.Ioc", "EMusicSelenium.Infra.Ioc\EmusicSelenium.Infra.Ioc.csproj", "{B4755A37-1185-4ED6-96E7-7F2D81647FF7}"
EndProject
Project("{9A19103F-16F7-4668-BE54-9A1E7A4F7556}") = "EMusicSelenium.Infra.Services", "EMusicSelenium.Infrastructure.Services\EMusicSelenium.Infra.Services.csproj", "{A8176CE7-91C4-454A-BAE7-B98AAC4F4530}"
EndProject
Global
	GlobalSection(SolutionConfigurationPlatforms) = preSolution
		Debug|Any CPU = Debug|Any CPU
		Release|Any CPU = Release|Any CPU
	EndGlobalSection
	GlobalSection(ProjectConfigurationPlatforms) = postSolution
		{B75EB561-848A-42A2-B7C9-F6E1E822A6C7}.Debug|Any CPU.ActiveCfg = Debug|Any CPU
		{B75EB561-848A-42A2-B7C9-F6E1E822A6C7}.Debug|Any CPU.Build.0 = Debug|Any CPU
		{B75EB561-848A-42A2-B7C9-F6E1E822A6C7}.Release|Any CPU.ActiveCfg = Release|Any CPU
		{B75EB561-848A-42A2-B7C9-F6E1E822A6C7}.Release|Any CPU.Build.0 = Release|Any CPU
		{03A641A5-4D80-49BD-B927-875A2A81B724}.Debug|Any CPU.ActiveCfg = Debug|Any CPU
		{03A641A5-4D80-49BD-B927-875A2A81B724}.Debug|Any CPU.Build.0 = Debug|Any CPU
		{03A641A5-4D80-49BD-B927-875A2A81B724}.Release|Any CPU.ActiveCfg = Release|Any CPU
		{03A641A5-4D80-49BD-B927-875A2A81B724}.Release|Any CPU.Build.0 = Release|Any CPU
		{A2A88936-6826-4B5D-B946-BF79B400B23F}.Debug|Any CPU.ActiveCfg = Debug|Any CPU
		{A2A88936-6826-4B5D-B946-BF79B400B23F}.Debug|Any CPU.Build.0 = Debug|Any CPU
		{A2A88936-6826-4B5D-B946-BF79B400B23F}.Release|Any CPU.ActiveCfg = Release|Any CPU
		{A2A88936-6826-4B5D-B946-BF79B400B23F}.Release|Any CPU.Build.0 = Release|Any CPU
		{B4755A37-1185-4ED6-96E7-7F2D81647FF7}.Debug|Any CPU.ActiveCfg = Debug|Any CPU
		{B4755A37-1185-4ED6-96E7-7F2D81647FF7}.Debug|Any CPU.Build.0 = Debug|Any CPU
		{B4755A37-1185-4ED6-96E7-7F2D81647FF7}.Release|Any CPU.ActiveCfg = Release|Any CPU
		{B4755A37-1185-4ED6-96E7-7F2D81647FF7}.Release|Any CPU.Build.0 = Release|Any CPU
		{A8176CE7-91C4-454A-BAE7-B98AAC4F4530}.Debug|Any CPU.ActiveCfg = Debug|Any CPU
		{A8176CE7-91C4-454A-BAE7-B98AAC4F4530}.Debug|Any CPU.Build.0 = Debug|Any CPU
		{A8176CE7-91C4-454A-BAE7-B98AAC4F4530}.Release|Any CPU.ActiveCfg = Release|Any CPU
		{A8176CE7-91C4-454A-BAE7-B98AAC4F4530}.Release|Any CPU.Build.0 = Release|Any CPU
	EndGlobalSection
	GlobalSection(SolutionProperties) = preSolution
		HideSolutionNode = FALSE
	EndGlobalSection
	GlobalSection(NestedProjects) = preSolution
		{B75EB561-848A-42A2-B7C9-F6E1E822A6C7} = {4923D4A2-8B95-482F-A59C-D1719A85F78A}
		{03A641A5-4D80-49BD-B927-875A2A81B724} = {48F0A062-1B42-4B6F-877D-1923B723D7BF}
		{A2A88936-6826-4B5D-B946-BF79B400B23F} = {86FC00F5-3C3E-4E57-8A75-8D11DC8201EA}
		{B4755A37-1185-4ED6-96E7-7F2D81647FF7} = {86FC00F5-3C3E-4E57-8A75-8D11DC8201EA}
		{A8176CE7-91C4-454A-BAE7-B98AAC4F4530} = {86FC00F5-3C3E-4E57-8A75-8D11DC8201EA}
	EndGlobalSection
	GlobalSection(ExtensibilityGlobals) = postSolution
		SolutionGuid = {B3F8DF44-7C60-4873-9826-19A18C5B25B9}
	EndGlobalSection
EndGlobal
